
Microsoft Visual Studio Solution File, Format Version 12.00
# Visual Studio Version 16
VisualStudioVersion = 16.0.29123.88
MinimumVisualStudioVersion = 10.0.40219.1
Project("{9A19103F-16F7-4668-BE54-9A1E7A4F7556}") = "FlightTracker.Clients.WpfApp", "FlightTracker.Clients.WpfApp\FlightTracker.Clients.WpfApp.csproj", "{81BF741B-F023-4C18-B00A-0A6396A77C75}"
EndProject
Project("{2150E333-8FDC-42A3-9474-1A3956D46DE8}") = "Clients", "Clients", "{0B6081A3-F3D0-478B-A323-BFC83E7DC015}"
EndProject
Project("{9A19103F-16F7-4668-BE54-9A1E7A4F7556}") = "FlightTracker.Clients.Logics", "FlightTracker.Clients.Logics\FlightTracker.Clients.Logics.csproj", "{F1D3D86A-97CE-4A22-A994-E4F2C3093078}"
EndProject
Project("{2150E333-8FDC-42A3-9474-1A3956D46DE8}") = "Solution Items", "Solution Items", "{CA900BA6-866F-4BBF-8D1B-2A337BDD0DC7}"
	ProjectSection(SolutionItems) = preProject
		README.md = README.md
	EndProjectSection
EndProject
Project("{9A19103F-16F7-4668-BE54-9A1E7A4F7556}") = "FlightTracker.Web", "FlightTracker.Web\FlightTracker.Web.csproj", "{CF0AA0E5-0D07-41DF-B9D8-67512C410DF1}"
EndProject
Project("{9A19103F-16F7-4668-BE54-9A1E7A4F7556}") = "FlightTracker.ClientTest", "FlightTracker.ClientTest\FlightTracker.ClientTest.csproj", "{51E61E5E-C9E6-4F9A-A533-CA9A685B7046}"
EndProject
Project("{9A19103F-16F7-4668-BE54-9A1E7A4F7556}") = "FlightTracker.DTOs", "FlightTracker.DTOs\FlightTracker.DTOs.csproj", "{D291EF2F-5231-4F1D-A67B-E4142DFF4D7B}"
EndProject
Project("{2150E333-8FDC-42A3-9474-1A3956D46DE8}") = "Server", "Server", "{DB6CA6A4-C5E1-4E13-8E7C-852A929A3F1E}"
EndProject
Project("{9A19103F-16F7-4668-BE54-9A1E7A4F7556}") = "FlightTracker.Web.Data", "FlightTracker.Web.Data\FlightTracker.Web.Data.csproj", "{CB56CB9D-CE2E-45E2-A4EC-5E177B592CAE}"
EndProject
Project("{9A19103F-16F7-4668-BE54-9A1E7A4F7556}") = "FlightTracker.Clients.Logics.SimConnect", "FlightTracker.Clients.Logics.SimConnect\FlightTracker.Clients.Logics.SimConnect.csproj", "{998B2829-26BE-421F-A924-8CDBAFAC4FFD}"
EndProject
Project("{9A19103F-16F7-4668-BE54-9A1E7A4F7556}") = "FlightTracker.Clients.Logics.Abstracts", "FlightTracker.Clients.Logics.Abstracts\FlightTracker.Clients.Logics.Abstracts.csproj", "{FC00BA90-8D68-426C-946E-C15A3274F77C}"
EndProject
Project("{9A19103F-16F7-4668-BE54-9A1E7A4F7556}") = "FlightTracker.Clients.Logics.AzureStorage", "FlightTracker.Clients.Logics.AzureStorage\FlightTracker.Clients.Logics.AzureStorage.csproj", "{7E7E9728-BF0E-4E85-A996-055A2048A4BD}"
EndProject
Project("{9A19103F-16F7-4668-BE54-9A1E7A4F7556}") = "FlightTracker.Web.GraphQL", "FlightTracker.Web.GraphQL\FlightTracker.Web.GraphQL.csproj", "{39B8EEBE-42D5-4390-B989-EEDF59D93437}"
EndProject
Project("{9A19103F-16F7-4668-BE54-9A1E7A4F7556}") = "FlightTracker.Web.Data.Sqlite", "FlightTracker.Web.Data.Sqlite\FlightTracker.Web.Data.Sqlite.csproj", "{04F99DEB-C5CC-4736-8B7A-58E4AD1EEB20}"
EndProject
Project("{2150E333-8FDC-42A3-9474-1A3956D46DE8}") = "Data", "Data", "{C96F747C-147F-4B1E-A29C-A483DEA55F15}"
EndProject
Project("{9A19103F-16F7-4668-BE54-9A1E7A4F7556}") = "FlightTracker.Web.Data.Migrators", "FlightTracker.Web.Data.Migrators\FlightTracker.Web.Data.Migrators.csproj", "{3BAD1456-9E7D-4A38-8095-DCC86AA54F89}"
EndProject
Project("{9A19103F-16F7-4668-BE54-9A1E7A4F7556}") = "FlightTracker.Web.Data.Tests", "FlightTracker.Web.Data.Tests\FlightTracker.Web.Data.Tests.csproj", "{C2D38D89-C975-4250-A63B-3F73A518B469}"
EndProject
Project("{2150E333-8FDC-42A3-9474-1A3956D46DE8}") = "Tests", "Tests", "{F7E97465-98CA-40FF-9502-2785473FAB2F}"
EndProject
Project("{FAE04EC0-301F-11D3-BF4B-00C04F79EFBC}") = "FlightTracker.Tests.Integration", "FlightTracker.Tests.Integration\FlightTracker.Tests.Integration.csproj", "{8976B37D-9615-43FE-B085-E92B021EB5EF}"
EndProject
Global
	GlobalSection(SolutionConfigurationPlatforms) = preSolution
		Debug|Any CPU = Debug|Any CPU
		Release|Any CPU = Release|Any CPU
	EndGlobalSection
	GlobalSection(ProjectConfigurationPlatforms) = postSolution
		{81BF741B-F023-4C18-B00A-0A6396A77C75}.Debug|Any CPU.ActiveCfg = Debug|Any CPU
		{81BF741B-F023-4C18-B00A-0A6396A77C75}.Debug|Any CPU.Build.0 = Debug|Any CPU
		{81BF741B-F023-4C18-B00A-0A6396A77C75}.Release|Any CPU.ActiveCfg = Release|Any CPU
		{81BF741B-F023-4C18-B00A-0A6396A77C75}.Release|Any CPU.Build.0 = Release|Any CPU
		{F1D3D86A-97CE-4A22-A994-E4F2C3093078}.Debug|Any CPU.ActiveCfg = Debug|Any CPU
		{F1D3D86A-97CE-4A22-A994-E4F2C3093078}.Debug|Any CPU.Build.0 = Debug|Any CPU
		{F1D3D86A-97CE-4A22-A994-E4F2C3093078}.Release|Any CPU.ActiveCfg = Release|Any CPU
		{F1D3D86A-97CE-4A22-A994-E4F2C3093078}.Release|Any CPU.Build.0 = Release|Any CPU
		{CF0AA0E5-0D07-41DF-B9D8-67512C410DF1}.Debug|Any CPU.ActiveCfg = Debug|Any CPU
		{CF0AA0E5-0D07-41DF-B9D8-67512C410DF1}.Debug|Any CPU.Build.0 = Debug|Any CPU
		{CF0AA0E5-0D07-41DF-B9D8-67512C410DF1}.Release|Any CPU.ActiveCfg = Release|Any CPU
		{CF0AA0E5-0D07-41DF-B9D8-67512C410DF1}.Release|Any CPU.Build.0 = Release|Any CPU
		{51E61E5E-C9E6-4F9A-A533-CA9A685B7046}.Debug|Any CPU.ActiveCfg = Debug|Any CPU
		{51E61E5E-C9E6-4F9A-A533-CA9A685B7046}.Debug|Any CPU.Build.0 = Debug|Any CPU
		{51E61E5E-C9E6-4F9A-A533-CA9A685B7046}.Release|Any CPU.ActiveCfg = Release|Any CPU
		{51E61E5E-C9E6-4F9A-A533-CA9A685B7046}.Release|Any CPU.Build.0 = Release|Any CPU
		{D291EF2F-5231-4F1D-A67B-E4142DFF4D7B}.Debug|Any CPU.ActiveCfg = Debug|Any CPU
		{D291EF2F-5231-4F1D-A67B-E4142DFF4D7B}.Debug|Any CPU.Build.0 = Debug|Any CPU
		{D291EF2F-5231-4F1D-A67B-E4142DFF4D7B}.Release|Any CPU.ActiveCfg = Release|Any CPU
		{D291EF2F-5231-4F1D-A67B-E4142DFF4D7B}.Release|Any CPU.Build.0 = Release|Any CPU
		{CB56CB9D-CE2E-45E2-A4EC-5E177B592CAE}.Debug|Any CPU.ActiveCfg = Debug|Any CPU
		{CB56CB9D-CE2E-45E2-A4EC-5E177B592CAE}.Debug|Any CPU.Build.0 = Debug|Any CPU
		{CB56CB9D-CE2E-45E2-A4EC-5E177B592CAE}.Release|Any CPU.ActiveCfg = Release|Any CPU
		{CB56CB9D-CE2E-45E2-A4EC-5E177B592CAE}.Release|Any CPU.Build.0 = Release|Any CPU
		{998B2829-26BE-421F-A924-8CDBAFAC4FFD}.Debug|Any CPU.ActiveCfg = Debug|Any CPU
		{998B2829-26BE-421F-A924-8CDBAFAC4FFD}.Debug|Any CPU.Build.0 = Debug|Any CPU
		{998B2829-26BE-421F-A924-8CDBAFAC4FFD}.Release|Any CPU.ActiveCfg = Release|Any CPU
		{998B2829-26BE-421F-A924-8CDBAFAC4FFD}.Release|Any CPU.Build.0 = Release|Any CPU
		{FC00BA90-8D68-426C-946E-C15A3274F77C}.Debug|Any CPU.ActiveCfg = Debug|Any CPU
		{FC00BA90-8D68-426C-946E-C15A3274F77C}.Debug|Any CPU.Build.0 = Debug|Any CPU
		{FC00BA90-8D68-426C-946E-C15A3274F77C}.Release|Any CPU.ActiveCfg = Release|Any CPU
		{FC00BA90-8D68-426C-946E-C15A3274F77C}.Release|Any CPU.Build.0 = Release|Any CPU
		{7E7E9728-BF0E-4E85-A996-055A2048A4BD}.Debug|Any CPU.ActiveCfg = Debug|Any CPU
		{7E7E9728-BF0E-4E85-A996-055A2048A4BD}.Debug|Any CPU.Build.0 = Debug|Any CPU
		{7E7E9728-BF0E-4E85-A996-055A2048A4BD}.Release|Any CPU.ActiveCfg = Release|Any CPU
		{7E7E9728-BF0E-4E85-A996-055A2048A4BD}.Release|Any CPU.Build.0 = Release|Any CPU
		{39B8EEBE-42D5-4390-B989-EEDF59D93437}.Debug|Any CPU.ActiveCfg = Debug|Any CPU
		{39B8EEBE-42D5-4390-B989-EEDF59D93437}.Debug|Any CPU.Build.0 = Debug|Any CPU
		{39B8EEBE-42D5-4390-B989-EEDF59D93437}.Release|Any CPU.ActiveCfg = Release|Any CPU
		{39B8EEBE-42D5-4390-B989-EEDF59D93437}.Release|Any CPU.Build.0 = Release|Any CPU
		{04F99DEB-C5CC-4736-8B7A-58E4AD1EEB20}.Debug|Any CPU.ActiveCfg = Debug|Any CPU
		{04F99DEB-C5CC-4736-8B7A-58E4AD1EEB20}.Debug|Any CPU.Build.0 = Debug|Any CPU
		{04F99DEB-C5CC-4736-8B7A-58E4AD1EEB20}.Release|Any CPU.ActiveCfg = Release|Any CPU
		{04F99DEB-C5CC-4736-8B7A-58E4AD1EEB20}.Release|Any CPU.Build.0 = Release|Any CPU
		{3BAD1456-9E7D-4A38-8095-DCC86AA54F89}.Debug|Any CPU.ActiveCfg = Debug|Any CPU
		{3BAD1456-9E7D-4A38-8095-DCC86AA54F89}.Debug|Any CPU.Build.0 = Debug|Any CPU
		{3BAD1456-9E7D-4A38-8095-DCC86AA54F89}.Release|Any CPU.ActiveCfg = Release|Any CPU
		{3BAD1456-9E7D-4A38-8095-DCC86AA54F89}.Release|Any CPU.Build.0 = Release|Any CPU
		{C2D38D89-C975-4250-A63B-3F73A518B469}.Debug|Any CPU.ActiveCfg = Debug|Any CPU
		{C2D38D89-C975-4250-A63B-3F73A518B469}.Debug|Any CPU.Build.0 = Debug|Any CPU
		{C2D38D89-C975-4250-A63B-3F73A518B469}.Release|Any CPU.ActiveCfg = Release|Any CPU
		{C2D38D89-C975-4250-A63B-3F73A518B469}.Release|Any CPU.Build.0 = Release|Any CPU
		{8976B37D-9615-43FE-B085-E92B021EB5EF}.Debug|Any CPU.ActiveCfg = Debug|Any CPU
		{8976B37D-9615-43FE-B085-E92B021EB5EF}.Debug|Any CPU.Build.0 = Debug|Any CPU
		{8976B37D-9615-43FE-B085-E92B021EB5EF}.Release|Any CPU.ActiveCfg = Release|Any CPU
		{8976B37D-9615-43FE-B085-E92B021EB5EF}.Release|Any CPU.Build.0 = Release|Any CPU
	EndGlobalSection
	GlobalSection(SolutionProperties) = preSolution
		HideSolutionNode = FALSE
	EndGlobalSection
	GlobalSection(NestedProjects) = preSolution
		{81BF741B-F023-4C18-B00A-0A6396A77C75} = {0B6081A3-F3D0-478B-A323-BFC83E7DC015}
		{F1D3D86A-97CE-4A22-A994-E4F2C3093078} = {0B6081A3-F3D0-478B-A323-BFC83E7DC015}
		{CF0AA0E5-0D07-41DF-B9D8-67512C410DF1} = {DB6CA6A4-C5E1-4E13-8E7C-852A929A3F1E}
		{CB56CB9D-CE2E-45E2-A4EC-5E177B592CAE} = {C96F747C-147F-4B1E-A29C-A483DEA55F15}
		{998B2829-26BE-421F-A924-8CDBAFAC4FFD} = {0B6081A3-F3D0-478B-A323-BFC83E7DC015}
		{FC00BA90-8D68-426C-946E-C15A3274F77C} = {0B6081A3-F3D0-478B-A323-BFC83E7DC015}
		{7E7E9728-BF0E-4E85-A996-055A2048A4BD} = {0B6081A3-F3D0-478B-A323-BFC83E7DC015}
		{39B8EEBE-42D5-4390-B989-EEDF59D93437} = {DB6CA6A4-C5E1-4E13-8E7C-852A929A3F1E}
		{04F99DEB-C5CC-4736-8B7A-58E4AD1EEB20} = {C96F747C-147F-4B1E-A29C-A483DEA55F15}
		{C96F747C-147F-4B1E-A29C-A483DEA55F15} = {DB6CA6A4-C5E1-4E13-8E7C-852A929A3F1E}
		{3BAD1456-9E7D-4A38-8095-DCC86AA54F89} = {C96F747C-147F-4B1E-A29C-A483DEA55F15}
		{C2D38D89-C975-4250-A63B-3F73A518B469} = {F7E97465-98CA-40FF-9502-2785473FAB2F}
		{8976B37D-9615-43FE-B085-E92B021EB5EF} = {F7E97465-98CA-40FF-9502-2785473FAB2F}
	EndGlobalSection
	GlobalSection(ExtensibilityGlobals) = postSolution
		SolutionGuid = {D6DC8EC1-88FC-4369-ADB8-D3B9170AC33B}
	EndGlobalSection
EndGlobal
